
Microsoft Visual Studio Solution File, Format Version 12.00
Project("{FAE04EC0-301F-11D3-BF4B-00C04F79EFBC}") = "PontoFacilWebService", "PontoFacilWebService\PontoFacilWebService.csproj", "{30B80FDD-5DBB-4A9E-A90C-982B37F61A2C}"
EndProject
Project("{FAE04EC0-301F-11D3-BF4B-00C04F79EFBC}") = "authenticationApi", "authenticationApi\authenticationApi.csproj", "{F10CCBA3-6B29-47CF-A61A-4A651BD331AF}"
EndProject
Project("{FAE04EC0-301F-11D3-BF4B-00C04F79EFBC}") = "PontoFacilSharedData", "PontoFacilSharedData\PontoFacilSharedData.csproj", "{4446BF41-84D9-4A9D-8F43-2BF2347CDB6D}"
EndProject
Global
	GlobalSection(SolutionConfigurationPlatforms) = preSolution
		Debug|Any CPU = Debug|Any CPU
		Release|Any CPU = Release|Any CPU
	EndGlobalSection
	GlobalSection(ProjectConfigurationPlatforms) = postSolution
		{30B80FDD-5DBB-4A9E-A90C-982B37F61A2C}.Debug|Any CPU.ActiveCfg = Debug|Any CPU
		{30B80FDD-5DBB-4A9E-A90C-982B37F61A2C}.Debug|Any CPU.Build.0 = Debug|Any CPU
		{30B80FDD-5DBB-4A9E-A90C-982B37F61A2C}.Release|Any CPU.ActiveCfg = Release|Any CPU
		{30B80FDD-5DBB-4A9E-A90C-982B37F61A2C}.Release|Any CPU.Build.0 = Release|Any CPU
		{F10CCBA3-6B29-47CF-A61A-4A651BD331AF}.Debug|Any CPU.ActiveCfg = Debug|Any CPU
		{F10CCBA3-6B29-47CF-A61A-4A651BD331AF}.Debug|Any CPU.Build.0 = Debug|Any CPU
		{F10CCBA3-6B29-47CF-A61A-4A651BD331AF}.Release|Any CPU.ActiveCfg = Release|Any CPU
		{F10CCBA3-6B29-47CF-A61A-4A651BD331AF}.Release|Any CPU.Build.0 = Release|Any CPU
		{4446BF41-84D9-4A9D-8F43-2BF2347CDB6D}.Debug|Any CPU.ActiveCfg = Debug|Any CPU
		{4446BF41-84D9-4A9D-8F43-2BF2347CDB6D}.Debug|Any CPU.Build.0 = Debug|Any CPU
		{4446BF41-84D9-4A9D-8F43-2BF2347CDB6D}.Release|Any CPU.ActiveCfg = Release|Any CPU
		{4446BF41-84D9-4A9D-8F43-2BF2347CDB6D}.Release|Any CPU.Build.0 = Release|Any CPU
	EndGlobalSection
EndGlobal
